// !$*UTF8*$!
{
	archiveVersion = 1;
	classes = {
	};
	objectVersion = 56;
	objects = {

/* Begin PBXBuildFile section */
		100000000000000000000001 /* ToollyApp.swift in Sources */ = {isa = PBXBuildFile; fileRef = 100000000000000000000011 /* ToollyApp.swift */; };
		100000000000000000000002 /* ToollySharedUI.framework in Frameworks */ = {isa = PBXBuildFile; fileRef = 100000000000000000000012 /* ToollySharedUI.framework */; };
		100000000000000000000003 /* AppleCaptureSessionImpl.swift in Sources */ = {isa = PBXBuildFile; fileRef = 100000000000000000000013 /* AppleCaptureSessionImpl.swift */; };
		100000000000000000000004 /* GoogleService-Info.plist in Resources */ = {isa = PBXBuildFile; fileRef = 100000000000000000000014 /* GoogleService-Info.plist */; };
		100000000000000000000101 /* AppleAccountAuthenticatorSessionImpl.swift in Sources */ = {isa = PBXBuildFile; fileRef = 100000000000000000000111 /* AppleAccountAuthenticatorSessionImpl.swift */; };
		100000000000000000000102 /* AppleDocumentVaultSessionImpl.swift in Sources */ = {isa = PBXBuildFile; fileRef = 100000000000000000000112 /* AppleDocumentVaultSessionImpl.swift */; };
		100000000000000000000103 /* ToollyVaultCrypto.swift in Sources */ = {isa = PBXBuildFile; fileRef = 100000000000000000000113 /* ToollyVaultCrypto.swift */; };
		100000000000000000000104 /* ToollyFirebaseBootstrap.swift in Sources */ = {isa = PBXBuildFile; fileRef = 100000000000000000000114 /* ToollyFirebaseBootstrap.swift */; };
		100000000000000000000092 /* FirebaseAuth in Frameworks */ = {isa = PBXBuildFile; productRef = 100000000000000000000091 /* FirebaseAuth */; };
		100000000000000000000094 /* FirebaseCore in Frameworks */ = {isa = PBXBuildFile; productRef = 100000000000000000000093 /* FirebaseCore */; };
/* End PBXBuildFile section */

/* Begin PBXFileReference section */
		100000000000000000000010 /* ToollyApp.app */ = {isa = PBXFileReference; explicitFileType = wrapper.application; includeInIndex = 0; path = ToollyApp.app; sourceTree = BUILT_PRODUCTS_DIR; };
		100000000000000000000011 /* ToollyApp.swift */ = {isa = PBXFileReference; lastKnownFileType = sourcecode.swift; path = ToollyApp.swift; sourceTree = "<group>"; };
		100000000000000000000012 /* ToollySharedUI.framework */ = {isa = PBXFileReference; lastKnownFileType = wrapper.framework; name = ToollySharedUI.framework; path = ../shared-ui/build/bin/iosSimulatorArm64/debugFramework/ToollySharedUI.framework; sourceTree = SOURCE_ROOT; };
		100000000000000000000013 /* AppleCaptureSessionImpl.swift */ = {isa = PBXFileReference; lastKnownFileType = sourcecode.swift; path = AppleCaptureSessionImpl.swift; sourceTree = "<group>"; };
		100000000000000000000014 /* GoogleService-Info.plist */ = {isa = PBXFileReference; lastKnownFileType = text.plist.xml; path = "GoogleService-Info.plist"; sourceTree = "<group>"; };
		100000000000000000000111 /* AppleAccountAuthenticatorSessionImpl.swift */ = {isa = PBXFileReference; lastKnownFileType = sourcecode.swift; path = "firebase/AppleAccountAuthenticatorSessionImpl.swift"; sourceTree = "<group>"; };
		100000000000000000000112 /* AppleDocumentVaultSessionImpl.swift */ = {isa = PBXFileReference; lastKnownFileType = sourcecode.swift; path = "vault/AppleDocumentVaultSessionImpl.swift"; sourceTree = "<group>"; };
		100000000000000000000113 /* ToollyVaultCrypto.swift */ = {isa = PBXFileReference; lastKnownFileType = sourcecode.swift; path = "vault/crypto/ToollyVaultCrypto.swift"; sourceTree = "<group>"; };
		100000000000000000000114 /* ToollyFirebaseBootstrap.swift */ = {isa = PBXFileReference; lastKnownFileType = sourcecode.swift; path = "firebase/ToollyFirebaseBootstrap.swift"; sourceTree = "<group>"; };
/* End PBXFileReference section */

/* Begin PBXFrameworksBuildPhase section */
		100000000000000000000020 /* Frameworks */ = {
			isa = PBXFrameworksBuildPhase;
			buildActionMask = 2147483647;
			files = (
				100000000000000000000002 /* ToollySharedUI.framework in Frameworks */,
				100000000000000000000092 /* FirebaseAuth in Frameworks */,
				100000000000000000000094 /* FirebaseCore in Frameworks */,
			);
			runOnlyForDeploymentPostprocessing = 0;
		};
/* End PBXFrameworksBuildPhase section */

/* Begin PBXGroup section */
		100000000000000000000030 = {
			isa = PBXGroup;
			children = (
				100000000000000000000031 /* ToollyApp */,
				100000000000000000000032 /* Frameworks */,
				100000000000000000000033 /* Products */,
			);
			sourceTree = "<group>";
		};
		100000000000000000000031 /* ToollyApp */ = {
			isa = PBXGroup;
			children = (
				100000000000000000000011 /* ToollyApp.swift */,
				100000000000000000000013 /* AppleCaptureSessionImpl.swift */,
				100000000000000000000014 /* GoogleService-Info.plist */,
				100000000000000000000111 /* AppleAccountAuthenticatorSessionImpl.swift */,
				100000000000000000000112 /* AppleDocumentVaultSessionImpl.swift */,
				100000000000000000000113 /* ToollyVaultCrypto.swift */,
				100000000000000000000114 /* ToollyFirebaseBootstrap.swift */,
			);
			path = ToollyApp;
			sourceTree = "<group>";
		};
		100000000000000000000032 /* Frameworks */ = {
			isa = PBXGroup;
			children = (
				100000000000000000000012 /* ToollySharedUI.framework */,
			);
			name = Frameworks;
			sourceTree = "<group>";
		};
		100000000000000000000033 /* Products */ = {
			isa = PBXGroup;
			children = (
				100000000000000000000010 /* ToollyApp.app */,
			);
			name = Products;
			sourceTree = "<group>";
		};
/* End PBXGroup section */

/* Begin PBXNativeTarget section */
		100000000000000000000040 /* ToollyApp */ = {
			isa = PBXNativeTarget;
			buildConfigurationList = 100000000000000000000071 /* Build configuration list for PBXNativeTarget "ToollyApp" */;
			buildPhases = (
				100000000000000000000050 /* Sources */,
				100000000000000000000020 /* Frameworks */,
				100000000000000000000051 /* Resources */,
			);
			buildRules = (
			);
			dependencies = (
			);
			name = ToollyApp;
			packageProductDependencies = (
				100000000000000000000091 /* FirebaseAuth */,
				100000000000000000000093 /* FirebaseCore */,
			);
			productName = ToollyApp;
			productReference = 100000000000000000000010 /* ToollyApp.app */;
			productType = "com.apple.product-type.application";
		};
/* End PBXNativeTarget section */

/* Begin PBXProject section */
		100000000000000000000060 /* Project object */ = {
			isa = PBXProject;
			attributes = {
				BuildIndependentTargetsInParallel = 1;
				LastSwiftUpdateCheck = 2630;
				LastUpgradeCheck = 2630;
				TargetAttributes = {
					100000000000000000000040 = {
						CreatedOnToolsVersion = 26.3;
					};
				};
			};
			buildConfigurationList = 100000000000000000000070 /* Build configuration list for PBXProject "ToollyApp" */;
			compatibilityVersion = "Xcode 14.0";
			developmentRegion = en;
			hasScannedForEncodings = 0;
			knownRegions = (
				en,
				Base,
			);
			mainGroup = 100000000000000000000030;
			packageReferences = (
				100000000000000000000090 /* XCRemoteSwiftPackageReference "firebase-ios-sdk" */,
			);
			productRefGroup = 100000000000000000000033 /* Products */;
			projectDirPath = "";
			projectRoot = "";
			targets = (
				100000000000000000000040 /* ToollyApp */,
			);
		};
/* End PBXProject section */

/* Begin PBXResourcesBuildPhase section */
		100000000000000000000051 /* Resources */ = {
			isa = PBXResourcesBuildPhase;
			buildActionMask = 2147483647;
			files = (
				100000000000000000000004 /* GoogleService-Info.plist in Resources */,
			);
			runOnlyForDeploymentPostprocessing = 0;
		};
/* End PBXResourcesBuildPhase section */

/* Begin PBXSourcesBuildPhase section */
		100000000000000000000050 /* Sources */ = {
			isa = PBXSourcesBuildPhase;
			buildActionMask = 2147483647;
			files = (
				100000000000000000000001 /* ToollyApp.swift in Sources */,
				100000000000000000000003 /* AppleCaptureSessionImpl.swift in Sources */,
				100000000000000000000101 /* AppleAccountAuthenticatorSessionImpl.swift in Sources */,
				100000000000000000000102 /* AppleDocumentVaultSessionImpl.swift in Sources */,
				100000000000000000000103 /* ToollyVaultCrypto.swift in Sources */,
				100000000000000000000104 /* ToollyFirebaseBootstrap.swift in Sources */,
			);
			runOnlyForDeploymentPostprocessing = 0;
		};
/* End PBXSourcesBuildPhase section */

/* Begin XCBuildConfiguration section */
		100000000000000000000080 /* Debug */ = {
			isa = XCBuildConfiguration;
			buildSettings = {
				ALWAYS_SEARCH_USER_PATHS = NO;
				CLANG_ENABLE_MODULES = YES;
				CLANG_ENABLE_OBJC_ARC = YES;
				CLANG_WARN_DOCUMENTATION_COMMENTS = YES;
				CLANG_WARN_QUOTED_INCLUDE_IN_FRAMEWORK_HEADER = YES;
				COPY_PHASE_STRIP = NO;
				DEBUG_INFORMATION_FORMAT = dwarf;
				ENABLE_STRICT_OBJC_MSGSEND = YES;
				ENABLE_TESTABILITY = YES;
				GCC_C_LANGUAGE_STANDARD = gnu17;
				GCC_NO_COMMON_BLOCKS = YES;
				GCC_OPTIMIZATION_LEVEL = 0;
				GCC_PREPROCESSOR_DEFINITIONS = (
					"DEBUG=1",
					"$(inherited)",
				);
				IPHONEOS_DEPLOYMENT_TARGET = 16.0;
				MTL_ENABLE_DEBUG_INFO = INCLUDE_SOURCE;
				ONLY_ACTIVE_ARCH = YES;
				SDKROOT = iphoneos;
				SWIFT_ACTIVE_COMPILATION_CONDITIONS = DEBUG;
				SWIFT_OPTIMIZATION_LEVEL = "-Onone";
			};
			name = Debug;
		};
		100000000000000000000081 /* Release */ = {
			isa = XCBuildConfiguration;
			buildSettings = {
				ALWAYS_SEARCH_USER_PATHS = NO;
				CLANG_ENABLE_MODULES = YES;
				CLANG_ENABLE_OBJC_ARC = YES;
				CLANG_WARN_DOCUMENTATION_COMMENTS = YES;
				CLANG_WARN_QUOTED_INCLUDE_IN_FRAMEWORK_HEADER = YES;
				COPY_PHASE_STRIP = YES;
				DEBUG_INFORMATION_FORMAT = "dwarf-with-dsym";
				ENABLE_NS_ASSERTIONS = NO;
				ENABLE_STRICT_OBJC_MSGSEND = YES;
				GCC_C_LANGUAGE_STANDARD = gnu17;
				GCC_NO_COMMON_BLOCKS = YES;
				IPHONEOS_DEPLOYMENT_TARGET = 16.0;
				MTL_ENABLE_DEBUG_INFO = NO;
				SDKROOT = iphoneos;
				SWIFT_COMPILATION_MODE = wholemodule;
			};
			name = Release;
		};
		100000000000000000000082 /* Debug */ = {
			isa = XCBuildConfiguration;
			buildSettings = {
				ASSETCATALOG_COMPILER_GENERATE_SWIFT_ASSET_SYMBOL_EXTENSIONS = YES;
				CODE_SIGN_STYLE = Automatic;
				CURRENT_PROJECT_VERSION = 1;
				ENABLE_PREVIEWS = YES;
				FRAMEWORK_SEARCH_PATHS = (
					"$(inherited)",
					"$(PROJECT_DIR)/../shared-ui/build/bin/iosSimulatorArm64/debugFramework",
				);
				GENERATE_INFOPLIST_FILE = YES;
				INFOPLIST_KEY_CFBundleDisplayName = "$(PRODUCT_NAME)";
				INFOPLIST_KEY_LSApplicationCategoryType = "public.app-category.productivity";
				INFOPLIST_KEY_NSCameraUsageDescription = "Toolly uses the camera only when you choose to scan a document.";
				INFOPLIST_KEY_UILaunchScreen_Generation = YES;
				INFOPLIST_KEY_UIApplicationSceneManifest_Generation = YES;
				IPHONEOS_DEPLOYMENT_TARGET = 16.0;
				LD_RUNPATH_SEARCH_PATHS = (
					"$(inherited)",
					"@executable_path/Frameworks",
				);
				MARKETING_VERSION = 0.1.0;
				OTHER_LDFLAGS = (
					"$(inherited)",
					"-ObjC",
				);
				PRODUCT_BUNDLE_IDENTIFIER = com.toollyscan.mobile;
				PRODUCT_NAME = "$(TARGET_NAME)";
				SUPPORTED_PLATFORMS = "iphoneos iphonesimulator";
				SWIFT_EMIT_LOC_STRINGS = YES;
				SWIFT_VERSION = 5.0;
				TARGETED_DEVICE_FAMILY = "1,2";
			};
			name = Debug;
		};
		100000000000000000000083 /* Release */ = {
			isa = XCBuildConfiguration;
			buildSettings = {
				ASSETCATALOG_COMPILER_GENERATE_SWIFT_ASSET_SYMBOL_EXTENSIONS = YES;
				CODE_SIGN_STYLE = Automatic;
				CURRENT_PROJECT_VERSION = 1;
				FRAMEWORK_SEARCH_PATHS = (
					"$(inherited)",
					"$(PROJECT_DIR)/../shared-ui/build/bin/iosSimulatorArm64/debugFramework",
				);
				GENERATE_INFOPLIST_FILE = YES;
				INFOPLIST_KEY_CFBundleDisplayName = "$(PRODUCT_NAME)";
				INFOPLIST_KEY_LSApplicationCategoryType = "public.app-category.productivity";
				INFOPLIST_KEY_NSCameraUsageDescription = "Toolly uses the camera only when you choose to scan a document.";
				INFOPLIST_KEY_UILaunchScreen_Generation = YES;
				INFOPLIST_KEY_UIApplicationSceneManifest_Generation = YES;
				IPHONEOS_DEPLOYMENT_TARGET = 16.0;
				LD_RUNPATH_SEARCH_PATHS = (
					"$(inherited)",
					"@executable_path/Frameworks",
				);
				MARKETING_VERSION = 0.1.0;
				OTHER_LDFLAGS = (
					"$(inherited)",
					"-ObjC",
				);
				PRODUCT_BUNDLE_IDENTIFIER = com.toollyscan.mobile;
				PRODUCT_NAME = "$(TARGET_NAME)";
				SUPPORTED_PLATFORMS = "iphoneos iphonesimulator";
				SWIFT_EMIT_LOC_STRINGS = YES;
				SWIFT_VERSION = 5.0;
				TARGETED_DEVICE_FAMILY = "1,2";
			};
			name = Release;
		};
/* End XCBuildConfiguration section */

/* Begin XCConfigurationList section */
		100000000000000000000070 /* Build configuration list for PBXProject "ToollyApp" */ = {
			isa = XCConfigurationList;
			buildConfigurations = (
				100000000000000000000080 /* Debug */,
				100000000000000000000081 /* Release */,
			);
			defaultConfigurationIsVisible = 0;
			defaultConfigurationName = Release;
		};
		100000000000000000000071 /* Build configuration list for PBXNativeTarget "ToollyApp" */ = {
			isa = XCConfigurationList;
			buildConfigurations = (
				100000000000000000000082 /* Debug */,
				100000000000000000000083 /* Release */,
			);
			defaultConfigurationIsVisible = 0;
			defaultConfigurationName = Release;
		};
/* End XCConfigurationList section */

/* Begin XCRemoteSwiftPackageReference section */
		100000000000000000000090 /* XCRemoteSwiftPackageReference "firebase-ios-sdk" */ = {
			isa = XCRemoteSwiftPackageReference;
			repositoryURL = "https://github.com/firebase/firebase-ios-sdk";
			requirement = {
				kind = upToNextMajorVersion;
				minimumVersion = 11.0.0;
			};
		};
/* End XCRemoteSwiftPackageReference section */

/* Begin XCSwiftPackageProductDependency section */
		100000000000000000000091 /* FirebaseAuth */ = {
			isa = XCSwiftPackageProductDependency;
			package = 100000000000000000000090 /* XCRemoteSwiftPackageReference "firebase-ios-sdk" */;
			productName = FirebaseAuth;
		};
		100000000000000000000093 /* FirebaseCore */ = {
			isa = XCSwiftPackageProductDependency;
			package = 100000000000000000000090 /* XCRemoteSwiftPackageReference "firebase-ios-sdk" */;
			productName = FirebaseCore;
		};
/* End XCSwiftPackageProductDependency section */
	};
	rootObject = 100000000000000000000060 /* Project object */;
}
